{
  "name": "cute.curl.core",
  "version": "1.0.0",
  "lockfileVersion": 1,
  "requires": true,
  "dependencies": {
    "mini.req.js": {
      "version": "1.2.0",
      "resolved": "https://registry.npmjs.org/mini.req.js/-/mini.req.js-1.2.0.tgz",
      "integrity": "sha512-ub3GZ/koGlbH+DlNselfLuJ87C2JEOBLsf/rhzoslF1fdIgahA8t91FMUyeiDrgFQlMHmbysUf8rVOQAqHCG9g=="
    },
    "parse-headers": {
      "version": "2.0.4",
      "resolved": "https://registry.npmjs.org/parse-headers/-/parse-headers-2.0.4.tgz",
      "integrity": "sha512-psZ9iZoCNFLrgRjZ1d8mn0h9WRqJwFxM9q3x7iUjN/YT2OksthDJ5TiPCu2F38kS4zutqfW+YdVVkBZZx3/1aw=="
    },
    "querystring": {
      "version": "0.2.1",
      "resolved": "https://registry.npmjs.org/querystring/-/querystring-0.2.1.tgz",
      "integrity": "sha512-wkvS7mL/JMugcup3/rMitHmd9ecIGd2lhFhK9N3UUQ450h66d1r3Y9nvXzQAW1Lq+wyx61k/1pfKS5KuKiyEbg=="
    }
  }
}
